
Microsoft Visual Studio Solution File, Format Version 12.00
# Visual Studio Version 16
VisualStudioVersion = 16.0.31402.337
MinimumVisualStudioVersion = 10.0.40219.1
Project("{FAE04EC0-301F-11D3-BF4B-00C04F79EFBC}") = "MyBaseOnC", "MyBaseOnC\MyBaseOnC.csproj", "{725295D0-DDB5-447C-AFE3-E6C946DC4704}"
EndProject
Global
	GlobalSection(SolutionConfigurationPlatforms) = preSolution
		Debug|Any CPU = Debug|Any CPU
		Release|Any CPU = Release|Any CPU
	EndGlobalSection
	GlobalSection(ProjectConfigurationPlatforms) = postSolution
		{725295D0-DDB5-447C-AFE3-E6C946DC4704}.Debug|Any CPU.ActiveCfg = Debug|Any CPU
		{725295D0-DDB5-447C-AFE3-E6C946DC4704}.Debug|Any CPU.Build.0 = Debug|Any CPU
		{725295D0-DDB5-447C-AFE3-E6C946DC4704}.Release|Any CPU.ActiveCfg = Release|Any CPU
		{725295D0-DDB5-447C-AFE3-E6C946DC4704}.Release|Any CPU.Build.0 = Release|Any CPU
	EndGlobalSection
	GlobalSection(SolutionProperties) = preSolution
		HideSolutionNode = FALSE
	EndGlobalSection
	GlobalSection(ExtensibilityGlobals) = postSolution
		SolutionGuid = {F26EB26E-51EB-4AB3-B040-39AC3E6A0129}
	EndGlobalSection
EndGlobal
